
Microsoft Visual Studio Solution File, Format Version 12.00
# Visual Studio Version 17
VisualStudioVersion = 17.5.33627.172
MinimumVisualStudioVersion = 10.0.40219.1
Project("{8BC9CEB8-8B4A-11D0-8D11-00A0C91BC942}") = "BarraCUDA", "BarraCUDA.vcxproj", "{780397B8-8FBF-44A3-BCC6-528A8892ED6E}"
EndProject
Global
	GlobalSection(SolutionConfigurationPlatforms) = preSolution
		Debug|x64 = Debug|x64
		Release|x64 = Release|x64
	EndGlobalSection
	GlobalSection(ProjectConfigurationPlatforms) = postSolution
		{780397B8-8FBF-44A3-BCC6-528A8892ED6E}.Debug|x64.ActiveCfg = Debug|x64
		{780397B8-8FBF-44A3-BCC6-528A8892ED6E}.Debug|x64.Build.0 = Debug|x64
		{780397B8-8FBF-44A3-BCC6-528A8892ED6E}.Release|x64.ActiveCfg = Release|x64
		{780397B8-8FBF-44A3-BCC6-528A8892ED6E}.Release|x64.Build.0 = Release|x64
	EndGlobalSection
	GlobalSection(SolutionProperties) = preSolution
		HideSolutionNode = FALSE
	EndGlobalSection
	GlobalSection(ExtensibilityGlobals) = postSolution
		SolutionGuid = {A295136A-B189-4F29-A98C-31BB1693A76D}
	EndGlobalSection
EndGlobal
